
Microsoft Visual Studio Solution File, Format Version 12.00
# Visual Studio 2012
Project("{8BC9CEB8-8B4A-11D0-8D11-00A0C91BC942}") = "TestBoostMFCDll", "TestBoostMFCDll\TestBoostMFCDll.vcxproj", "{A5869F3F-AB41-4CA0-B08F-C1D454E63308}"
	ProjectSection(ProjectDependencies) = postProject
		{E88D8F00-BDC4-4103-A083-96DD9F206825} = {E88D8F00-BDC4-4103-A083-96DD9F206825}
	EndProjectSection
EndProject
Project("{8BC9CEB8-8B4A-11D0-8D11-00A0C91BC942}") = "MFCLibrary1", "MFCLibrary1\MFCLibrary1.vcxproj", "{E88D8F00-BDC4-4103-A083-96DD9F206825}"
EndProject
Global
	GlobalSection(SolutionConfigurationPlatforms) = preSolution
		Debug|Win32 = Debug|Win32
		Release|Win32 = Release|Win32
	EndGlobalSection
	GlobalSection(ProjectConfigurationPlatforms) = postSolution
		{A5869F3F-AB41-4CA0-B08F-C1D454E63308}.Debug|Win32.ActiveCfg = Debug|Win32
		{A5869F3F-AB41-4CA0-B08F-C1D454E63308}.Debug|Win32.Build.0 = Debug|Win32
		{A5869F3F-AB41-4CA0-B08F-C1D454E63308}.Release|Win32.ActiveCfg = Release|Win32
		{A5869F3F-AB41-4CA0-B08F-C1D454E63308}.Release|Win32.Build.0 = Release|Win32
		{E88D8F00-BDC4-4103-A083-96DD9F206825}.Debug|Win32.ActiveCfg = Debug|Win32
		{E88D8F00-BDC4-4103-A083-96DD9F206825}.Debug|Win32.Build.0 = Debug|Win32
		{E88D8F00-BDC4-4103-A083-96DD9F206825}.Release|Win32.ActiveCfg = Release|Win32
		{E88D8F00-BDC4-4103-A083-96DD9F206825}.Release|Win32.Build.0 = Release|Win32
	EndGlobalSection
	GlobalSection(SolutionProperties) = preSolution
		HideSolutionNode = FALSE
	EndGlobalSection
EndGlobal
