
Microsoft Visual Studio Solution File, Format Version 12.00
# Visual Studio 14
VisualStudioVersion = 14.0.25420.1
MinimumVisualStudioVersion = 10.0.40219.1
Project("{8BC9CEB8-8B4A-11D0-8D11-00A0C91BC942}") = "TestAuth", "TestAuth\TestAuth.vcxproj", "{7B946F4E-99E3-4A75-BEA2-ED6D629C8EC1}"
EndProject
Project("{8BC9CEB8-8B4A-11D0-8D11-00A0C91BC942}") = "FtcNet", "..\..\u_use\Projects\FtcNet\FtcNet_vs2015.vcxproj", "{1C964E4F-25B7-4485-BC10-36234F1F541D}"
EndProject
Project("{8BC9CEB8-8B4A-11D0-8D11-00A0C91BC942}") = "FtcUtil", "..\..\u_use\Projects\FtcUtil\FtcUtil_vs2015.vcxproj", "{6FA7D6AB-54AB-485A-B7E8-C18E3538CF12}"
EndProject
Project("{8BC9CEB8-8B4A-11D0-8D11-00A0C91BC942}") = "FtcOptions", "..\..\u_use\Projects\FtcOptions\FtcOptions_vs2015.vcxproj", "{152B4D45-0620-4EF0-91EF-82AB6CA9DD62}"
EndProject
Global
	GlobalSection(SolutionConfigurationPlatforms) = preSolution
		AllDebug|x64 = AllDebug|x64
		AllDebug|x86 = AllDebug|x86
		AllRelease|x64 = AllRelease|x64
		AllRelease|x86 = AllRelease|x86
		Analyzing|x64 = Analyzing|x64
		Analyzing|x86 = Analyzing|x86
		Debug|x64 = Debug|x64
		Debug|x86 = Debug|x86
		Release|x64 = Release|x64
		Release|x86 = Release|x86
	EndGlobalSection
	GlobalSection(ProjectConfigurationPlatforms) = postSolution
		{7B946F4E-99E3-4A75-BEA2-ED6D629C8EC1}.AllDebug|x64.ActiveCfg = Debug|x64
		{7B946F4E-99E3-4A75-BEA2-ED6D629C8EC1}.AllDebug|x64.Build.0 = Debug|x64
		{7B946F4E-99E3-4A75-BEA2-ED6D629C8EC1}.AllDebug|x86.ActiveCfg = Debug|Win32
		{7B946F4E-99E3-4A75-BEA2-ED6D629C8EC1}.AllDebug|x86.Build.0 = Debug|Win32
		{7B946F4E-99E3-4A75-BEA2-ED6D629C8EC1}.AllRelease|x64.ActiveCfg = Release|x64
		{7B946F4E-99E3-4A75-BEA2-ED6D629C8EC1}.AllRelease|x64.Build.0 = Release|x64
		{7B946F4E-99E3-4A75-BEA2-ED6D629C8EC1}.AllRelease|x86.ActiveCfg = Release|Win32
		{7B946F4E-99E3-4A75-BEA2-ED6D629C8EC1}.AllRelease|x86.Build.0 = Release|Win32
		{7B946F4E-99E3-4A75-BEA2-ED6D629C8EC1}.Analyzing|x64.ActiveCfg = Release|x64
		{7B946F4E-99E3-4A75-BEA2-ED6D629C8EC1}.Analyzing|x64.Build.0 = Release|x64
		{7B946F4E-99E3-4A75-BEA2-ED6D629C8EC1}.Analyzing|x86.ActiveCfg = Release|Win32
		{7B946F4E-99E3-4A75-BEA2-ED6D629C8EC1}.Analyzing|x86.Build.0 = Release|Win32
		{7B946F4E-99E3-4A75-BEA2-ED6D629C8EC1}.Debug|x64.ActiveCfg = Debug|x64
		{7B946F4E-99E3-4A75-BEA2-ED6D629C8EC1}.Debug|x64.Build.0 = Debug|x64
		{7B946F4E-99E3-4A75-BEA2-ED6D629C8EC1}.Debug|x86.ActiveCfg = Debug|Win32
		{7B946F4E-99E3-4A75-BEA2-ED6D629C8EC1}.Debug|x86.Build.0 = Debug|Win32
		{7B946F4E-99E3-4A75-BEA2-ED6D629C8EC1}.Release|x64.ActiveCfg = Release|x64
		{7B946F4E-99E3-4A75-BEA2-ED6D629C8EC1}.Release|x64.Build.0 = Release|x64
		{7B946F4E-99E3-4A75-BEA2-ED6D629C8EC1}.Release|x86.ActiveCfg = Release|Win32
		{7B946F4E-99E3-4A75-BEA2-ED6D629C8EC1}.Release|x86.Build.0 = Release|Win32
		{1C964E4F-25B7-4485-BC10-36234F1F541D}.AllDebug|x64.ActiveCfg = AllDebug|Win32
		{1C964E4F-25B7-4485-BC10-36234F1F541D}.AllDebug|x86.ActiveCfg = AllDebug|Win32
		{1C964E4F-25B7-4485-BC10-36234F1F541D}.AllDebug|x86.Build.0 = AllDebug|Win32
		{1C964E4F-25B7-4485-BC10-36234F1F541D}.AllRelease|x64.ActiveCfg = AllRelease|Win32
		{1C964E4F-25B7-4485-BC10-36234F1F541D}.AllRelease|x86.ActiveCfg = AllRelease|Win32
		{1C964E4F-25B7-4485-BC10-36234F1F541D}.AllRelease|x86.Build.0 = AllRelease|Win32
		{1C964E4F-25B7-4485-BC10-36234F1F541D}.Analyzing|x64.ActiveCfg = Analyzing|Win32
		{1C964E4F-25B7-4485-BC10-36234F1F541D}.Analyzing|x86.ActiveCfg = Analyzing|Win32
		{1C964E4F-25B7-4485-BC10-36234F1F541D}.Analyzing|x86.Build.0 = Analyzing|Win32
		{1C964E4F-25B7-4485-BC10-36234F1F541D}.Debug|x64.ActiveCfg = AllDebug|Win32
		{1C964E4F-25B7-4485-BC10-36234F1F541D}.Debug|x64.Build.0 = AllDebug|Win32
		{1C964E4F-25B7-4485-BC10-36234F1F541D}.Debug|x86.ActiveCfg = AllDebug|Win32
		{1C964E4F-25B7-4485-BC10-36234F1F541D}.Debug|x86.Build.0 = AllDebug|Win32
		{1C964E4F-25B7-4485-BC10-36234F1F541D}.Release|x64.ActiveCfg = AllDebug|Win32
		{1C964E4F-25B7-4485-BC10-36234F1F541D}.Release|x64.Build.0 = AllDebug|Win32
		{1C964E4F-25B7-4485-BC10-36234F1F541D}.Release|x86.ActiveCfg = AllRelease|Win32
		{1C964E4F-25B7-4485-BC10-36234F1F541D}.Release|x86.Build.0 = AllRelease|Win32
		{6FA7D6AB-54AB-485A-B7E8-C18E3538CF12}.AllDebug|x64.ActiveCfg = AllDebug|Win32
		{6FA7D6AB-54AB-485A-B7E8-C18E3538CF12}.AllDebug|x86.ActiveCfg = AllDebug|Win32
		{6FA7D6AB-54AB-485A-B7E8-C18E3538CF12}.AllDebug|x86.Build.0 = AllDebug|Win32
		{6FA7D6AB-54AB-485A-B7E8-C18E3538CF12}.AllRelease|x64.ActiveCfg = AllRelease|Win32
		{6FA7D6AB-54AB-485A-B7E8-C18E3538CF12}.AllRelease|x86.ActiveCfg = AllRelease|Win32
		{6FA7D6AB-54AB-485A-B7E8-C18E3538CF12}.AllRelease|x86.Build.0 = AllRelease|Win32
		{6FA7D6AB-54AB-485A-B7E8-C18E3538CF12}.Analyzing|x64.ActiveCfg = Analyzing|Win32
		{6FA7D6AB-54AB-485A-B7E8-C18E3538CF12}.Analyzing|x86.ActiveCfg = Analyzing|Win32
		{6FA7D6AB-54AB-485A-B7E8-C18E3538CF12}.Analyzing|x86.Build.0 = Analyzing|Win32
		{6FA7D6AB-54AB-485A-B7E8-C18E3538CF12}.Debug|x64.ActiveCfg = AllDebug|Win32
		{6FA7D6AB-54AB-485A-B7E8-C18E3538CF12}.Debug|x64.Build.0 = AllDebug|Win32
		{6FA7D6AB-54AB-485A-B7E8-C18E3538CF12}.Debug|x86.ActiveCfg = AllDebug|Win32
		{6FA7D6AB-54AB-485A-B7E8-C18E3538CF12}.Debug|x86.Build.0 = AllDebug|Win32
		{6FA7D6AB-54AB-485A-B7E8-C18E3538CF12}.Release|x64.ActiveCfg = AllDebug|Win32
		{6FA7D6AB-54AB-485A-B7E8-C18E3538CF12}.Release|x64.Build.0 = AllDebug|Win32
		{6FA7D6AB-54AB-485A-B7E8-C18E3538CF12}.Release|x86.ActiveCfg = AllRelease|Win32
		{6FA7D6AB-54AB-485A-B7E8-C18E3538CF12}.Release|x86.Build.0 = AllRelease|Win32
		{152B4D45-0620-4EF0-91EF-82AB6CA9DD62}.AllDebug|x64.ActiveCfg = AllDebug|Win32
		{152B4D45-0620-4EF0-91EF-82AB6CA9DD62}.AllDebug|x86.ActiveCfg = AllDebug|Win32
		{152B4D45-0620-4EF0-91EF-82AB6CA9DD62}.AllDebug|x86.Build.0 = AllDebug|Win32
		{152B4D45-0620-4EF0-91EF-82AB6CA9DD62}.AllRelease|x64.ActiveCfg = AllRelease|Win32
		{152B4D45-0620-4EF0-91EF-82AB6CA9DD62}.AllRelease|x86.ActiveCfg = AllRelease|Win32
		{152B4D45-0620-4EF0-91EF-82AB6CA9DD62}.AllRelease|x86.Build.0 = AllRelease|Win32
		{152B4D45-0620-4EF0-91EF-82AB6CA9DD62}.Analyzing|x64.ActiveCfg = Analyzing|Win32
		{152B4D45-0620-4EF0-91EF-82AB6CA9DD62}.Analyzing|x86.ActiveCfg = Analyzing|Win32
		{152B4D45-0620-4EF0-91EF-82AB6CA9DD62}.Analyzing|x86.Build.0 = Analyzing|Win32
		{152B4D45-0620-4EF0-91EF-82AB6CA9DD62}.Debug|x64.ActiveCfg = AllDebug|Win32
		{152B4D45-0620-4EF0-91EF-82AB6CA9DD62}.Debug|x64.Build.0 = AllDebug|Win32
		{152B4D45-0620-4EF0-91EF-82AB6CA9DD62}.Debug|x86.ActiveCfg = AllDebug|Win32
		{152B4D45-0620-4EF0-91EF-82AB6CA9DD62}.Debug|x86.Build.0 = AllDebug|Win32
		{152B4D45-0620-4EF0-91EF-82AB6CA9DD62}.Release|x64.ActiveCfg = AllDebug|Win32
		{152B4D45-0620-4EF0-91EF-82AB6CA9DD62}.Release|x64.Build.0 = AllDebug|Win32
		{152B4D45-0620-4EF0-91EF-82AB6CA9DD62}.Release|x86.ActiveCfg = AllRelease|Win32
		{152B4D45-0620-4EF0-91EF-82AB6CA9DD62}.Release|x86.Build.0 = AllRelease|Win32
	EndGlobalSection
	GlobalSection(SolutionProperties) = preSolution
		HideSolutionNode = FALSE
	EndGlobalSection
EndGlobal
