
Microsoft Visual Studio Solution File, Format Version 12.00
# Visual Studio Version 17
VisualStudioVersion = 17.13.35828.75 d17.13
MinimumVisualStudioVersion = 10.0.40219.1
Project("{8BC9CEB8-8B4A-11D0-8D11-00A0C91BC942}") = "AoC10", "AoC10.vcxproj", "{73A5DCA4-1187-4DA3-955E-24E9710F8DD0}"
EndProject
Global
	GlobalSection(SolutionConfigurationPlatforms) = preSolution
		Debug|x64 = Debug|x64
		Debug|x86 = Debug|x86
		Release|x64 = Release|x64
		Release|x86 = Release|x86
	EndGlobalSection
	GlobalSection(ProjectConfigurationPlatforms) = postSolution
		{73A5DCA4-1187-4DA3-955E-24E9710F8DD0}.Debug|x64.ActiveCfg = Debug|x64
		{73A5DCA4-1187-4DA3-955E-24E9710F8DD0}.Debug|x64.Build.0 = Debug|x64
		{73A5DCA4-1187-4DA3-955E-24E9710F8DD0}.Debug|x86.ActiveCfg = Debug|Win32
		{73A5DCA4-1187-4DA3-955E-24E9710F8DD0}.Debug|x86.Build.0 = Debug|Win32
		{73A5DCA4-1187-4DA3-955E-24E9710F8DD0}.Release|x64.ActiveCfg = Release|x64
		{73A5DCA4-1187-4DA3-955E-24E9710F8DD0}.Release|x64.Build.0 = Release|x64
		{73A5DCA4-1187-4DA3-955E-24E9710F8DD0}.Release|x86.ActiveCfg = Release|Win32
		{73A5DCA4-1187-4DA3-955E-24E9710F8DD0}.Release|x86.Build.0 = Release|Win32
	EndGlobalSection
	GlobalSection(SolutionProperties) = preSolution
		HideSolutionNode = FALSE
	EndGlobalSection
	GlobalSection(ExtensibilityGlobals) = postSolution
		SolutionGuid = {6FF87099-73E1-4468-A7B3-ABF73CD65CD9}
	EndGlobalSection
EndGlobal
