
Microsoft Visual Studio Solution File, Format Version 9.00
# Visual Studio 2005
Project("{8BC9CEB8-8B4A-11D0-8D11-00A0C91BC942}") = "sinstance", "sinstance.vcproj", "{50B25087-2AB9-45C2-AAB9-EE0E5AC43AD8}"
EndProject
Project("{8BC9CEB8-8B4A-11D0-8D11-00A0C91BC942}") = "sinstancedlg", "sinstancedlg\sinstancedlg.vcproj", "{42B0B090-C14A-4656-9798-F187255190DD}"
EndProject
Global
	GlobalSection(SolutionConfigurationPlatforms) = preSolution
		Debug|Win32 = Debug|Win32
		Release|Win32 = Release|Win32
		Unicode Debug|Win32 = Unicode Debug|Win32
		Unicode Release|Win32 = Unicode Release|Win32
	EndGlobalSection
	GlobalSection(ProjectConfigurationPlatforms) = postSolution
		{50B25087-2AB9-45C2-AAB9-EE0E5AC43AD8}.Debug|Win32.ActiveCfg = Debug|Win32
		{50B25087-2AB9-45C2-AAB9-EE0E5AC43AD8}.Debug|Win32.Build.0 = Debug|Win32
		{50B25087-2AB9-45C2-AAB9-EE0E5AC43AD8}.Release|Win32.ActiveCfg = Release|Win32
		{50B25087-2AB9-45C2-AAB9-EE0E5AC43AD8}.Release|Win32.Build.0 = Release|Win32
		{50B25087-2AB9-45C2-AAB9-EE0E5AC43AD8}.Unicode Debug|Win32.ActiveCfg = Unicode Debug|Win32
		{50B25087-2AB9-45C2-AAB9-EE0E5AC43AD8}.Unicode Debug|Win32.Build.0 = Unicode Debug|Win32
		{50B25087-2AB9-45C2-AAB9-EE0E5AC43AD8}.Unicode Release|Win32.ActiveCfg = Unicode Release|Win32
		{50B25087-2AB9-45C2-AAB9-EE0E5AC43AD8}.Unicode Release|Win32.Build.0 = Unicode Release|Win32
		{42B0B090-C14A-4656-9798-F187255190DD}.Debug|Win32.ActiveCfg = Debug|Win32
		{42B0B090-C14A-4656-9798-F187255190DD}.Debug|Win32.Build.0 = Debug|Win32
		{42B0B090-C14A-4656-9798-F187255190DD}.Release|Win32.ActiveCfg = Release|Win32
		{42B0B090-C14A-4656-9798-F187255190DD}.Release|Win32.Build.0 = Release|Win32
		{42B0B090-C14A-4656-9798-F187255190DD}.Unicode Debug|Win32.ActiveCfg = Unicode Debug|Win32
		{42B0B090-C14A-4656-9798-F187255190DD}.Unicode Debug|Win32.Build.0 = Unicode Debug|Win32
		{42B0B090-C14A-4656-9798-F187255190DD}.Unicode Release|Win32.ActiveCfg = Unicode Release|Win32
		{42B0B090-C14A-4656-9798-F187255190DD}.Unicode Release|Win32.Build.0 = Unicode Release|Win32
	EndGlobalSection
	GlobalSection(SolutionProperties) = preSolution
		HideSolutionNode = FALSE
	EndGlobalSection
EndGlobal
