
Microsoft Visual Studio Solution File, Format Version 9.00
# Visual Studio 2005
Project("{8BC9CEB8-8B4A-11D0-8D11-00A0C91BC942}") = "testLoad", "testLoad\testLoad.vcproj", "{AF8AA91B-8554-4FA5-AE99-BE07A93EA063}"
EndProject
Global
	GlobalSection(SolutionConfigurationPlatforms) = preSolution
		Debug|Win32 = Debug|Win32
		Release|Win32 = Release|Win32
	EndGlobalSection
	GlobalSection(ProjectConfigurationPlatforms) = postSolution
		{AF8AA91B-8554-4FA5-AE99-BE07A93EA063}.Debug|Win32.ActiveCfg = Debug|Win32
		{AF8AA91B-8554-4FA5-AE99-BE07A93EA063}.Debug|Win32.Build.0 = Debug|Win32
		{AF8AA91B-8554-4FA5-AE99-BE07A93EA063}.Release|Win32.ActiveCfg = Release|Win32
		{AF8AA91B-8554-4FA5-AE99-BE07A93EA063}.Release|Win32.Build.0 = Release|Win32
	EndGlobalSection
	GlobalSection(SolutionProperties) = preSolution
		HideSolutionNode = FALSE
	EndGlobalSection
EndGlobal
