
Microsoft Visual Studio Solution File, Format Version 12.00
# Visual Studio Version 17
VisualStudioVersion = 17.8.34511.84
MinimumVisualStudioVersion = 10.0.40219.1
Project("{8BC9CEB8-8B4A-11D0-8D11-00A0C91BC942}") = "AoC3", "AoC3.vcxproj", "{E2F87525-AD4C-4044-A153-996872AFDBB4}"
EndProject
Global
	GlobalSection(SolutionConfigurationPlatforms) = preSolution
		Debug|x64 = Debug|x64
		Debug|x86 = Debug|x86
		Release|x64 = Release|x64
		Release|x86 = Release|x86
	EndGlobalSection
	GlobalSection(ProjectConfigurationPlatforms) = postSolution
		{E2F87525-AD4C-4044-A153-996872AFDBB4}.Debug|x64.ActiveCfg = Debug|x64
		{E2F87525-AD4C-4044-A153-996872AFDBB4}.Debug|x64.Build.0 = Debug|x64
		{E2F87525-AD4C-4044-A153-996872AFDBB4}.Debug|x86.ActiveCfg = Debug|Win32
		{E2F87525-AD4C-4044-A153-996872AFDBB4}.Debug|x86.Build.0 = Debug|Win32
		{E2F87525-AD4C-4044-A153-996872AFDBB4}.Release|x64.ActiveCfg = Release|x64
		{E2F87525-AD4C-4044-A153-996872AFDBB4}.Release|x64.Build.0 = Release|x64
		{E2F87525-AD4C-4044-A153-996872AFDBB4}.Release|x86.ActiveCfg = Release|Win32
		{E2F87525-AD4C-4044-A153-996872AFDBB4}.Release|x86.Build.0 = Release|Win32
	EndGlobalSection
	GlobalSection(SolutionProperties) = preSolution
		HideSolutionNode = FALSE
	EndGlobalSection
	GlobalSection(ExtensibilityGlobals) = postSolution
		SolutionGuid = {BB1F3340-4E84-40BC-A90A-8120046FD518}
	EndGlobalSection
EndGlobal
