<?xml version="1.0" encoding="utf-8"?>
<Project ToolsVersion="4.0" xmlns="http://schemas.microsoft.com/developer/msbuild/2003">
  <ItemGroup>
    <ClCompile Include="App.cpp">
      <Filter>Source Files</Filter>
    </ClCompile>
    <ClCompile Include="ntserv.cpp">
      <Filter>Source Files</Filter>
    </ClCompile>
    <ClCompile Include="ntservCmdLineInfo.cpp">
      <Filter>Source Files</Filter>
    </ClCompile>
    <ClCompile Include="ntservEventLog.cpp">
      <Filter>Source Files</Filter>
    </ClCompile>
    <ClCompile Include="ntservEventLogRecord.cpp">
      <Filter>Source Files</Filter>
    </ClCompile>
    <ClCompile Include="ntservEventLogSource.cpp">
      <Filter>Source Files</Filter>
    </ClCompile>
    <ClCompile Include="ntservScmService.cpp">
      <Filter>Source Files</Filter>
    </ClCompile>
    <ClCompile Include="ntservServiceControlManager.cpp">
      <Filter>Source Files</Filter>
    </ClCompile>
    <ClCompile Include="StdAfx.cpp">
      <Filter>Source Files</Filter>
    </ClCompile>
  </ItemGroup>
  <ItemGroup>
    <ClInclude Include="ntserv.h">
      <Filter>Header Files</Filter>
    </ClInclude>
    <ClInclude Include="ntserv_msg.h">
      <Filter>Header Files</Filter>
    </ClInclude>
    <ClInclude Include="ntservCmdLineInfo.h">
      <Filter>Header Files</Filter>
    </ClInclude>
    <ClInclude Include="ntservEventLog.h">
      <Filter>Header Files</Filter>
    </ClInclude>
    <ClInclude Include="ntservEventLogRecord.h">
      <Filter>Header Files</Filter>
    </ClInclude>
    <ClInclude Include="ntservEventLogSource.h">
      <Filter>Header Files</Filter>
    </ClInclude>
    <ClInclude Include="ntservScmService.h">
      <Filter>Header Files</Filter>
    </ClInclude>
    <ClInclude Include="ntservServiceControlManager.h">
      <Filter>Header Files</Filter>
    </ClInclude>
    <ClInclude Include="resource.h">
      <Filter>Header Files</Filter>
    </ClInclude>
    <ClInclude Include="stdafx.h">
      <Filter>Header Files</Filter>
    </ClInclude>
    <ClInclude Include="ntservDefines.h">
      <Filter>Header Files</Filter>
    </ClInclude>
    <ClInclude Include="App.h">
      <Filter>Header Files</Filter>
    </ClInclude>
  </ItemGroup>
  <ItemGroup>
    <Filter Include="Header Files">
      <UniqueIdentifier>{847ec9f2-5617-4739-96c8-83d91f5678f7}</UniqueIdentifier>
      <Extensions>h;hpp;hxx;hm;inl;fi;fd</Extensions>
    </Filter>
    <Filter Include="Source Files">
      <UniqueIdentifier>{ca415cea-dfa4-4a46-92cb-2161dd6d45ec}</UniqueIdentifier>
      <Extensions>cpp;c;cxx;rc;def;r;odl;hpj;bat;for;f90;mc</Extensions>
    </Filter>
    <Filter Include="Resource Files">
      <UniqueIdentifier>{48bffa11-54f1-4a38-9d73-7fff6f016640}</UniqueIdentifier>
      <Extensions>ico;cur;bmp;dlg;rc2;rct;bin;rgs;gif;jpg;jpeg;jpe</Extensions>
    </Filter>
  </ItemGroup>
  <ItemGroup>
    <ResourceCompile Include="TestSrv.rc">
      <Filter>Resource Files</Filter>
    </ResourceCompile>
  </ItemGroup>
</Project>