
Microsoft Visual Studio Solution File, Format Version 12.00
# Visual Studio Version 17
VisualStudioVersion = 17.7.34031.279
MinimumVisualStudioVersion = 10.0.40219.1
Project("{8BC9CEB8-8B4A-11D0-8D11-00A0C91BC942}") = "AoC4", "AoC4.vcxproj", "{DA515A41-48CF-471C-8D36-80462730B5BD}"
EndProject
Global
	GlobalSection(SolutionConfigurationPlatforms) = preSolution
		Debug|x64 = Debug|x64
		Debug|x86 = Debug|x86
		Release|x64 = Release|x64
		Release|x86 = Release|x86
	EndGlobalSection
	GlobalSection(ProjectConfigurationPlatforms) = postSolution
		{DA515A41-48CF-471C-8D36-80462730B5BD}.Debug|x64.ActiveCfg = Debug|x64
		{DA515A41-48CF-471C-8D36-80462730B5BD}.Debug|x64.Build.0 = Debug|x64
		{DA515A41-48CF-471C-8D36-80462730B5BD}.Debug|x86.ActiveCfg = Debug|Win32
		{DA515A41-48CF-471C-8D36-80462730B5BD}.Debug|x86.Build.0 = Debug|Win32
		{DA515A41-48CF-471C-8D36-80462730B5BD}.Release|x64.ActiveCfg = Release|x64
		{DA515A41-48CF-471C-8D36-80462730B5BD}.Release|x64.Build.0 = Release|x64
		{DA515A41-48CF-471C-8D36-80462730B5BD}.Release|x86.ActiveCfg = Release|Win32
		{DA515A41-48CF-471C-8D36-80462730B5BD}.Release|x86.Build.0 = Release|Win32
	EndGlobalSection
	GlobalSection(SolutionProperties) = preSolution
		HideSolutionNode = FALSE
	EndGlobalSection
	GlobalSection(ExtensibilityGlobals) = postSolution
		SolutionGuid = {860A5DDE-1A8E-468D-A1BD-76A3B9D80F46}
	EndGlobalSection
EndGlobal
