
Microsoft Visual Studio Solution File, Format Version 12.00
# Visual Studio 2012
Project("{8BC9CEB8-8B4A-11D0-8D11-00A0C91BC942}") = "FindGo", "FindGo\FindGo.vcxproj", "{5481DBA1-385E-4FC1-82BA-9D0F636DF03C}"
EndProject
Global
	GlobalSection(SolutionConfigurationPlatforms) = preSolution
		Debug|Win32 = Debug|Win32
		Release|Win32 = Release|Win32
	EndGlobalSection
	GlobalSection(ProjectConfigurationPlatforms) = postSolution
		{5481DBA1-385E-4FC1-82BA-9D0F636DF03C}.Debug|Win32.ActiveCfg = Debug|Win32
		{5481DBA1-385E-4FC1-82BA-9D0F636DF03C}.Debug|Win32.Build.0 = Debug|Win32
		{5481DBA1-385E-4FC1-82BA-9D0F636DF03C}.Release|Win32.ActiveCfg = Release|Win32
		{5481DBA1-385E-4FC1-82BA-9D0F636DF03C}.Release|Win32.Build.0 = Release|Win32
	EndGlobalSection
	GlobalSection(SolutionProperties) = preSolution
		HideSolutionNode = FALSE
	EndGlobalSection
EndGlobal
